
Microsoft Visual Studio Solution File, Format Version 11.00
# Visual Basic Express 2010
Project("{F184B08F-C81C-45F6-A57F-5ABD9991F28F}") = "SLAPI REST Tool - VB", "SLAPI_REST_VB\SLAPI REST Tool - VB.vbproj", "{846623A5-F596-4EA4-A125-DF4385CCB5DC}"
EndProject
Global
	GlobalSection(SolutionConfigurationPlatforms) = preSolution
		Debug|x86 = Debug|x86
		Release|x86 = Release|x86
	EndGlobalSection
	GlobalSection(ProjectConfigurationPlatforms) = postSolution
		{846623A5-F596-4EA4-A125-DF4385CCB5DC}.Debug|x86.ActiveCfg = Debug|x86
		{846623A5-F596-4EA4-A125-DF4385CCB5DC}.Debug|x86.Build.0 = Debug|x86
		{846623A5-F596-4EA4-A125-DF4385CCB5DC}.Release|x86.ActiveCfg = Release|x86
		{846623A5-F596-4EA4-A125-DF4385CCB5DC}.Release|x86.Build.0 = Release|x86
	EndGlobalSection
	GlobalSection(SolutionProperties) = preSolution
		HideSolutionNode = FALSE
	EndGlobalSection
EndGlobal
